github.com/12yanogden/colors v0.0.0-20240118221519-8b215407d58d h1:kd1Vbn2fpoQzIzpTv4XGdgcYGgE+z9UxnKLKHPxthSE=
github.com/12yanogden/colors v0.0.0-20240118221519-8b215407d58d/go.mod h1:gKDOm4dViMDob0E4nVNBALM2/RLPSVd9RfpfD+f3kjE=
github.com/12yanogden/intslices v0.0.0-20240101183035-5fced076a142 h1:EGrD7BnCbABuuEyOAJ5fKXMLEaSW9eXDJH/obynI1vo=
github.com/12yanogden/intslices v0.0.0-20240101183035-5fced076a142/go.mod h1:QwFE7MGn0dB6lb/r/ANVvhNUHSQO5Y2uPUDVKIMmQZg=
github.com/12yanogden/reel v0.0.0-20240118225501-da7284459e7d h1:N4dwYF65ULUYls4pNtA4Wyl7ht6Nqn19kayzYlNklgQ=
github.com/12yanogden/reel v0.0.0-20240118225501-da7284459e7d/go.mod h1:mm5eeKuUYpAm81JrgOXJJLN9FJ3TPQ0IkvkW/zdaA4Y=
github.com/12yanogden/shell v0.0.0-20240109125807-3edd4560ab01 h1:MINIMMfXN4ESMhQqBWvHNFwRwlk2vzE3S1W+4MxO0Rc=
github.com/12yanogden/shell v0.0.0-20240109125807-3edd4560ab01/go.mod h1:aqi28RLlfxREXf/FnmSuUnCQ8usl+nIYK0Mwio0YCIc=
github.com/12yanogden/slices v0.0.0-20240118220809-517c75f85e9b h1:h3vWngbBOVP45tj7y95z6kfveuZSG1mtFiwz7mpSh74=
github.com/12yanogden/slices v0.0.0-20240118220809-517c75f85e9b/go.mod h1:BcDPSyCoYNXgaX13TJZH3bw+1LwQ0khJo9bXeNb7Ii8=
github.com/12yanogden/spinners v0.0.0-20240119135110-dc75cc3cb704 h1:NqpA1mj7gcfPG0549PhpPKnAdRCzjrB8X0+VX2qyS64=
github.com/12yanogden/spinners v0.0.0-20240119135110-dc75cc3cb704/go.mod h1:Tr8oh79BkLH1snINT0jYKS2cuYV+riHdovD7uFJT744=
github.com/12yanogden/statusbar v0.0.0-20240128173718-d5acca47732b h1:E0C4CE3FtgiXtgiJIQzghomtcucq42/vFK4jw+mHXuM=
github.com/12yanogden/statusbar v0.0.0-20240128173718-d5acca47732b/go.mod h1:OZvrCpFI0tK9nm+8TIQWv7byPeyeLENVNUCV8y4QYzI=
github.com/12yanogden/str v0.0.0-20240107171210-9eee80c43f5a h1:mCcPlN6jLf5TBMm8Etb8gtmAon6Igs7wMAuTwJ5Rq/I=
github.com/12yanogden/str v0.0.0-20240107171210-9eee80c43f5a/go.mod h1:0pVQTrVf1oySdEszgDPyMktYVFyf4VDYtuBlDgevyw4=
github.com/cpuguy83/go-md2man/v2 v2.0.3/go.mod h1:tgQtvFlXSQOSOSIRvRPT7W67SCa46tRHOmNcaadrF8o=
github.com/inconshreveable/mousetrap v1.1.0 h1:wN+x4NVGpMsO7ErUn/mUI3vEoE6Jt13X2s0bqwp9tc8=
github.com/inconshreveable/mousetrap v1.1.0/go.mod h1:vpF70FUmC8bwa3OWnCshd2FqLfsEA9PFc4w1p2J65bw=
github.com/russross/blackfriday/v2 v2.1.0/go.mod h1:+Rmxgy9KzJVeS9/2gXHxylqXiyQDYRxCVz55jmeOWTM=
github.com/spf13/cobra v1.8.0 h1:7aJaZx1B85qltLMc546zn58BxxfZdR/W22ej9CFoEf0=
github.com/spf13/cobra v1.8.0/go.mod h1:WXLWApfZ71AjXPya3WOlMsY9yMs7YeiHhFVlvLyhcho=
github.com/spf13/pflag v1.0.5 h1:iy+VFUOCP1a+8yFto/drg2CJ5u0yRoB7fZw3DKv/JXA=
github.com/spf13/pflag v1.0.5/go.mod h1:McXfInJRrz4CZXVZOBLb0bTZqETkiAhM9Iw0y3An2Bg=
golang.org/x/sys v0.15.0 h1:h48lPFYpsTvQJZF4EKyI4aLHaev3CxivZmv7yZig9pc=
golang.org/x/sys v0.15.0/go.mod h1:/VUhepiaJMQUp4+oa/7Zr1D23ma6VTLIYjOOTFZPUcA=
golang.org/x/sys v0.16.0 h1:xWw16ngr6ZMtmxDyKyIgsE93KNKz5HKmMa3b8ALHidU=
golang.org/x/sys v0.16.0/go.mod h1:/VUhepiaJMQUp4+oa/7Zr1D23ma6VTLIYjOOTFZPUcA=
golang.org/x/term v0.15.0 h1:y/Oo/a/q3IXu26lQgl04j/gjuBDOBlx7X6Om1j2CPW4=
golang.org/x/term v0.15.0/go.mod h1:BDl952bC7+uMoWR75FIrCDx79TPU9oHkTZ9yRbYOrX0=
golang.org/x/term v0.16.0 h1:m+B6fahuftsE9qjo0VWp2FW0mB3MTJvR0BaMQrq0pmE=
golang.org/x/term v0.16.0/go.mod h1:yn7UURbUtPyrVJPGPq404EukNFxcm/foM+bV/bfcDsY=
gopkg.in/check.v1 v0.0.0-20161208181325-20d25e280405/go.mod h1:Co6ibVJAznAaIkqp8huTwlJQCZ016jof/cbN4VW5Yz0=
gopkg.in/yaml.v3 v3.0.1/go.mod h1:K4uyk7z7BCEPqu6E+C64Yfv1cQ7kz7rIZviUmN+EgEM=
